
Microsoft Visual Studio Solution File, Format Version 12.00
# Visual Studio Version 17
VisualStudioVersion = 17.1.32414.318
MinimumVisualStudioVersion = 10.0.40219.1
Project("{2150E333-8FDC-42A3-9474-1A3956D46DE8}") = "01.데이터 가지고 놀기", "01.데이터 가지고 놀기", "{2D404E1C-4D0C-46FD-A5D6-B50F0B47AE74}"
EndProject
Project("{2150E333-8FDC-42A3-9474-1A3956D46DE8}") = "02.코드의 흐름 제어", "02.코드의 흐름 제어", "{F4722E3C-29C1-42CA-8E3A-BAE4591B27E8}"
EndProject
Project("{2150E333-8FDC-42A3-9474-1A3956D46DE8}") = "03.함수", "03.함수", "{B1132DBD-797D-431E-ACF1-BB67B6A28DBF}"
EndProject
Project("{2150E333-8FDC-42A3-9474-1A3956D46DE8}") = "04.포인터", "04.포인터", "{DD1A98FF-1F28-49FB-BF1F-2D03733164C5}"
EndProject
Project("{8BC9CEB8-8B4A-11D0-8D11-00A0C91BC942}") = "01.정수", "01.정수\01.정수.vcxproj", "{825D665B-7A99-404E-8F42-217BB9D0FB3C}"
EndProject
Project("{8BC9CEB8-8B4A-11D0-8D11-00A0C91BC942}") = "02.불리언과 부동소수점", "02.불리언과 부동소수점\02.불리언과 부동소수점.vcxproj", "{8E0BE855-D6A2-4F86-8333-BBC0AEA09774}"
EndProject
Project("{8BC9CEB8-8B4A-11D0-8D11-00A0C91BC942}") = "03.문자와 문자열", "03.문자와 문자열\03.문자와 문자열.vcxproj", "{93B0FF10-D93C-4C76-B84D-150B4100E081}"
EndProject
Project("{8BC9CEB8-8B4A-11D0-8D11-00A0C91BC942}") = "04.산술", "04.산술\04.산술.vcxproj", "{C6BEE31B-7641-4EED-B5DD-F722721EA2E9}"
EndProject
Project("{8BC9CEB8-8B4A-11D0-8D11-00A0C91BC942}") = "05.const와 메모리 구조", "05.const와 메모리 구조\05.const와 메모리 구조.vcxproj", "{2641FAFD-E57C-428F-8B2C-B0DE14ED9D2B}"
EndProject
Project("{8BC9CEB8-8B4A-11D0-8D11-00A0C91BC942}") = "01.분기문", "01.분기문\01.분기문.vcxproj", "{87550180-5EC9-4052-B88F-6B99C56906D2}"
EndProject
Project("{8BC9CEB8-8B4A-11D0-8D11-00A0C91BC942}") = "02.가위바위보", "02.가위바위보\02.가위바위보.vcxproj", "{40D9D20E-17E5-4C9B-BCF6-4F55EBAB1F9D}"
EndProject
Project("{8BC9CEB8-8B4A-11D0-8D11-00A0C91BC942}") = "03.열거형", "03.열거형\03.열거형.vcxproj", "{46B80807-9E86-4A18-9955-466FCDA80E80}"
EndProject
Project("{8BC9CEB8-8B4A-11D0-8D11-00A0C91BC942}") = "01.함수기초", "01.함수기초\01.함수기초.vcxproj", "{A657314A-B76B-4CA0-A3EC-8D509E5C298B}"
EndProject
Project("{8BC9CEB8-8B4A-11D0-8D11-00A0C91BC942}") = "02.스택프레임", "02.스택프레임\02.스택프레임.vcxproj", "{179B7324-469F-4A05-928F-E31BF1D3226A}"
EndProject
Project("{8BC9CEB8-8B4A-11D0-8D11-00A0C91BC942}") = "03.지역변수와값전달", "03.지역변수와값전달\03.지역변수와값전달.vcxproj", "{AFD2849D-BB76-4C25-AB7B-5493B3C4C174}"
EndProject
Project("{8BC9CEB8-8B4A-11D0-8D11-00A0C91BC942}") = "04.TEXTRPG", "04.TEXTRPG\04.TEXTRPG.vcxproj", "{7ECBFE7F-EA88-414A-8226-E7D275785ABE}"
EndProject
Project("{8BC9CEB8-8B4A-11D0-8D11-00A0C91BC942}") = "01.포인터의기초", "01.포인터의기초\01.포인터의기초.vcxproj", "{7891F1BF-E3F8-40C8-9DB9-43D6C7C01A32}"
EndProject
Project("{8BC9CEB8-8B4A-11D0-8D11-00A0C91BC942}") = "02.포인터연산", "02.포인터연산\02.포인터연산.vcxproj", "{34ABD0BC-1C85-4D8C-BACC-6FA4D08D2790}"
EndProject
Project("{8BC9CEB8-8B4A-11D0-8D11-00A0C91BC942}") = "03.포인터테스트", "03.포인터테스트\03.포인터테스트.vcxproj", "{5C1FCD83-B01F-41DD-B92D-7818016ADD24}"
EndProject
Project("{8BC9CEB8-8B4A-11D0-8D11-00A0C91BC942}") = "04.참조", "04.참조\04.참조.vcxproj", "{86BF716B-0841-4CB6-B347-DDFDD3930945}"
EndProject
Project("{8BC9CEB8-8B4A-11D0-8D11-00A0C91BC942}") = "05.포인터vs참조", "05.포인터vs참조\05.포인터vs참조.vcxproj", "{332D64CA-7EED-4FDD-B35A-6432E501BC89}"
EndProject
Project("{8BC9CEB8-8B4A-11D0-8D11-00A0C91BC942}") = "06.배열", "06.배열\06.배열.vcxproj", "{8053DE1D-B87C-4B00-A463-62DB936A5FC4}"
EndProject
Project("{8BC9CEB8-8B4A-11D0-8D11-00A0C91BC942}") = "07.포인터vs배열", "07.포인터vs배열\07.포인터vs배열.vcxproj", "{1B85E02F-8149-434C-95DA-5675B4E17D2C}"
EndProject
Project("{8BC9CEB8-8B4A-11D0-8D11-00A0C91BC942}") = "08.로또 번호 생성기", "08.로또 번호 생성기\08.로또 번호 생성기.vcxproj", "{692A5C8D-8D71-44FF-A96E-4AC0D35C15E8}"
EndProject
Project("{8BC9CEB8-8B4A-11D0-8D11-00A0C91BC942}") = "09.다중포인터", "09.다중포인터\09.다중포인터.vcxproj", "{E172F2BB-2CE3-4814-8BC6-F43638B0E9AE}"
EndProject
Project("{8BC9CEB8-8B4A-11D0-8D11-00A0C91BC942}") = "10.다차원배열", "10.다차원배열\10.다차원배열.vcxproj", "{20C7C104-B8D7-4638-98D1-739412BA9D9F}"
EndProject
Project("{8BC9CEB8-8B4A-11D0-8D11-00A0C91BC942}") = "11.포인터 마무리", "11.포인터 마무리\11.포인터 마무리.vcxproj", "{ABBCF0B2-C42E-4868-B24C-CAE832F101CF}"
EndProject
Project("{8BC9CEB8-8B4A-11D0-8D11-00A0C91BC942}") = "12.TEXTRPG", "12.TEXTRPG\12.TEXTRPG.vcxproj", "{BEC267DF-075D-42D6-B976-BF28960DF87C}"
EndProject
Global
	GlobalSection(SolutionConfigurationPlatforms) = preSolution
		Debug|x64 = Debug|x64
		Debug|x86 = Debug|x86
		Release|x64 = Release|x64
		Release|x86 = Release|x86
	EndGlobalSection
	GlobalSection(ProjectConfigurationPlatforms) = postSolution
		{825D665B-7A99-404E-8F42-217BB9D0FB3C}.Debug|x64.ActiveCfg = Debug|x64
		{825D665B-7A99-404E-8F42-217BB9D0FB3C}.Debug|x64.Build.0 = Debug|x64
		{825D665B-7A99-404E-8F42-217BB9D0FB3C}.Debug|x86.ActiveCfg = Debug|Win32
		{825D665B-7A99-404E-8F42-217BB9D0FB3C}.Debug|x86.Build.0 = Debug|Win32
		{825D665B-7A99-404E-8F42-217BB9D0FB3C}.Release|x64.ActiveCfg = Release|x64
		{825D665B-7A99-404E-8F42-217BB9D0FB3C}.Release|x64.Build.0 = Release|x64
		{825D665B-7A99-404E-8F42-217BB9D0FB3C}.Release|x86.ActiveCfg = Release|Win32
		{825D665B-7A99-404E-8F42-217BB9D0FB3C}.Release|x86.Build.0 = Release|Win32
		{8E0BE855-D6A2-4F86-8333-BBC0AEA09774}.Debug|x64.ActiveCfg = Debug|x64
		{8E0BE855-D6A2-4F86-8333-BBC0AEA09774}.Debug|x64.Build.0 = Debug|x64
		{8E0BE855-D6A2-4F86-8333-BBC0AEA09774}.Debug|x86.ActiveCfg = Debug|Win32
		{8E0BE855-D6A2-4F86-8333-BBC0AEA09774}.Debug|x86.Build.0 = Debug|Win32
		{8E0BE855-D6A2-4F86-8333-BBC0AEA09774}.Release|x64.ActiveCfg = Release|x64
		{8E0BE855-D6A2-4F86-8333-BBC0AEA09774}.Release|x64.Build.0 = Release|x64
		{8E0BE855-D6A2-4F86-8333-BBC0AEA09774}.Release|x86.ActiveCfg = Release|Win32
		{8E0BE855-D6A2-4F86-8333-BBC0AEA09774}.Release|x86.Build.0 = Release|Win32
		{93B0FF10-D93C-4C76-B84D-150B4100E081}.Debug|x64.ActiveCfg = Debug|x64
		{93B0FF10-D93C-4C76-B84D-150B4100E081}.Debug|x64.Build.0 = Debug|x64
		{93B0FF10-D93C-4C76-B84D-150B4100E081}.Debug|x86.ActiveCfg = Debug|Win32
		{93B0FF10-D93C-4C76-B84D-150B4100E081}.Debug|x86.Build.0 = Debug|Win32
		{93B0FF10-D93C-4C76-B84D-150B4100E081}.Release|x64.ActiveCfg = Release|x64
		{93B0FF10-D93C-4C76-B84D-150B4100E081}.Release|x64.Build.0 = Release|x64
		{93B0FF10-D93C-4C76-B84D-150B4100E081}.Release|x86.ActiveCfg = Release|Win32
		{93B0FF10-D93C-4C76-B84D-150B4100E081}.Release|x86.Build.0 = Release|Win32
		{C6BEE31B-7641-4EED-B5DD-F722721EA2E9}.Debug|x64.ActiveCfg = Debug|x64
		{C6BEE31B-7641-4EED-B5DD-F722721EA2E9}.Debug|x64.Build.0 = Debug|x64
		{C6BEE31B-7641-4EED-B5DD-F722721EA2E9}.Debug|x86.ActiveCfg = Debug|Win32
		{C6BEE31B-7641-4EED-B5DD-F722721EA2E9}.Debug|x86.Build.0 = Debug|Win32
		{C6BEE31B-7641-4EED-B5DD-F722721EA2E9}.Release|x64.ActiveCfg = Release|x64
		{C6BEE31B-7641-4EED-B5DD-F722721EA2E9}.Release|x64.Build.0 = Release|x64
		{C6BEE31B-7641-4EED-B5DD-F722721EA2E9}.Release|x86.ActiveCfg = Release|Win32
		{C6BEE31B-7641-4EED-B5DD-F722721EA2E9}.Release|x86.Build.0 = Release|Win32
		{2641FAFD-E57C-428F-8B2C-B0DE14ED9D2B}.Debug|x64.ActiveCfg = Debug|x64
		{2641FAFD-E57C-428F-8B2C-B0DE14ED9D2B}.Debug|x64.Build.0 = Debug|x64
		{2641FAFD-E57C-428F-8B2C-B0DE14ED9D2B}.Debug|x86.ActiveCfg = Debug|Win32
		{2641FAFD-E57C-428F-8B2C-B0DE14ED9D2B}.Debug|x86.Build.0 = Debug|Win32
		{2641FAFD-E57C-428F-8B2C-B0DE14ED9D2B}.Release|x64.ActiveCfg = Release|x64
		{2641FAFD-E57C-428F-8B2C-B0DE14ED9D2B}.Release|x64.Build.0 = Release|x64
		{2641FAFD-E57C-428F-8B2C-B0DE14ED9D2B}.Release|x86.ActiveCfg = Release|Win32
		{2641FAFD-E57C-428F-8B2C-B0DE14ED9D2B}.Release|x86.Build.0 = Release|Win32
		{87550180-5EC9-4052-B88F-6B99C56906D2}.Debug|x64.ActiveCfg = Debug|x64
		{87550180-5EC9-4052-B88F-6B99C56906D2}.Debug|x64.Build.0 = Debug|x64
		{87550180-5EC9-4052-B88F-6B99C56906D2}.Debug|x86.ActiveCfg = Debug|Win32
		{87550180-5EC9-4052-B88F-6B99C56906D2}.Debug|x86.Build.0 = Debug|Win32
		{87550180-5EC9-4052-B88F-6B99C56906D2}.Release|x64.ActiveCfg = Release|x64
		{87550180-5EC9-4052-B88F-6B99C56906D2}.Release|x64.Build.0 = Release|x64
		{87550180-5EC9-4052-B88F-6B99C56906D2}.Release|x86.ActiveCfg = Release|Win32
		{87550180-5EC9-4052-B88F-6B99C56906D2}.Release|x86.Build.0 = Release|Win32
		{40D9D20E-17E5-4C9B-BCF6-4F55EBAB1F9D}.Debug|x64.ActiveCfg = Debug|x64
		{40D9D20E-17E5-4C9B-BCF6-4F55EBAB1F9D}.Debug|x64.Build.0 = Debug|x64
		{40D9D20E-17E5-4C9B-BCF6-4F55EBAB1F9D}.Debug|x86.ActiveCfg = Debug|Win32
		{40D9D20E-17E5-4C9B-BCF6-4F55EBAB1F9D}.Debug|x86.Build.0 = Debug|Win32
		{40D9D20E-17E5-4C9B-BCF6-4F55EBAB1F9D}.Release|x64.ActiveCfg = Release|x64
		{40D9D20E-17E5-4C9B-BCF6-4F55EBAB1F9D}.Release|x64.Build.0 = Release|x64
		{40D9D20E-17E5-4C9B-BCF6-4F55EBAB1F9D}.Release|x86.ActiveCfg = Release|Win32
		{40D9D20E-17E5-4C9B-BCF6-4F55EBAB1F9D}.Release|x86.Build.0 = Release|Win32
		{46B80807-9E86-4A18-9955-466FCDA80E80}.Debug|x64.ActiveCfg = Debug|x64
		{46B80807-9E86-4A18-9955-466FCDA80E80}.Debug|x64.Build.0 = Debug|x64
		{46B80807-9E86-4A18-9955-466FCDA80E80}.Debug|x86.ActiveCfg = Debug|Win32
		{46B80807-9E86-4A18-9955-466FCDA80E80}.Debug|x86.Build.0 = Debug|Win32
		{46B80807-9E86-4A18-9955-466FCDA80E80}.Release|x64.ActiveCfg = Release|x64
		{46B80807-9E86-4A18-9955-466FCDA80E80}.Release|x64.Build.0 = Release|x64
		{46B80807-9E86-4A18-9955-466FCDA80E80}.Release|x86.ActiveCfg = Release|Win32
		{46B80807-9E86-4A18-9955-466FCDA80E80}.Release|x86.Build.0 = Release|Win32
		{A657314A-B76B-4CA0-A3EC-8D509E5C298B}.Debug|x64.ActiveCfg = Debug|x64
		{A657314A-B76B-4CA0-A3EC-8D509E5C298B}.Debug|x64.Build.0 = Debug|x64
		{A657314A-B76B-4CA0-A3EC-8D509E5C298B}.Debug|x86.ActiveCfg = Debug|Win32
		{A657314A-B76B-4CA0-A3EC-8D509E5C298B}.Debug|x86.Build.0 = Debug|Win32
		{A657314A-B76B-4CA0-A3EC-8D509E5C298B}.Release|x64.ActiveCfg = Release|x64
		{A657314A-B76B-4CA0-A3EC-8D509E5C298B}.Release|x64.Build.0 = Release|x64
		{A657314A-B76B-4CA0-A3EC-8D509E5C298B}.Release|x86.ActiveCfg = Release|Win32
		{A657314A-B76B-4CA0-A3EC-8D509E5C298B}.Release|x86.Build.0 = Release|Win32
		{179B7324-469F-4A05-928F-E31BF1D3226A}.Debug|x64.ActiveCfg = Debug|x64
		{179B7324-469F-4A05-928F-E31BF1D3226A}.Debug|x64.Build.0 = Debug|x64
		{179B7324-469F-4A05-928F-E31BF1D3226A}.Debug|x86.ActiveCfg = Debug|Win32
		{179B7324-469F-4A05-928F-E31BF1D3226A}.Debug|x86.Build.0 = Debug|Win32
		{179B7324-469F-4A05-928F-E31BF1D3226A}.Release|x64.ActiveCfg = Release|x64
		{179B7324-469F-4A05-928F-E31BF1D3226A}.Release|x64.Build.0 = Release|x64
		{179B7324-469F-4A05-928F-E31BF1D3226A}.Release|x86.ActiveCfg = Release|Win32
		{179B7324-469F-4A05-928F-E31BF1D3226A}.Release|x86.Build.0 = Release|Win32
		{AFD2849D-BB76-4C25-AB7B-5493B3C4C174}.Debug|x64.ActiveCfg = Debug|x64
		{AFD2849D-BB76-4C25-AB7B-5493B3C4C174}.Debug|x64.Build.0 = Debug|x64
		{AFD2849D-BB76-4C25-AB7B-5493B3C4C174}.Debug|x86.ActiveCfg = Debug|Win32
		{AFD2849D-BB76-4C25-AB7B-5493B3C4C174}.Debug|x86.Build.0 = Debug|Win32
		{AFD2849D-BB76-4C25-AB7B-5493B3C4C174}.Release|x64.ActiveCfg = Release|x64
		{AFD2849D-BB76-4C25-AB7B-5493B3C4C174}.Release|x64.Build.0 = Release|x64
		{AFD2849D-BB76-4C25-AB7B-5493B3C4C174}.Release|x86.ActiveCfg = Release|Win32
		{AFD2849D-BB76-4C25-AB7B-5493B3C4C174}.Release|x86.Build.0 = Release|Win32
		{7ECBFE7F-EA88-414A-8226-E7D275785ABE}.Debug|x64.ActiveCfg = Debug|x64
		{7ECBFE7F-EA88-414A-8226-E7D275785ABE}.Debug|x64.Build.0 = Debug|x64
		{7ECBFE7F-EA88-414A-8226-E7D275785ABE}.Debug|x86.ActiveCfg = Debug|Win32
		{7ECBFE7F-EA88-414A-8226-E7D275785ABE}.Debug|x86.Build.0 = Debug|Win32
		{7ECBFE7F-EA88-414A-8226-E7D275785ABE}.Release|x64.ActiveCfg = Release|x64
		{7ECBFE7F-EA88-414A-8226-E7D275785ABE}.Release|x64.Build.0 = Release|x64
		{7ECBFE7F-EA88-414A-8226-E7D275785ABE}.Release|x86.ActiveCfg = Release|Win32
		{7ECBFE7F-EA88-414A-8226-E7D275785ABE}.Release|x86.Build.0 = Release|Win32
		{7891F1BF-E3F8-40C8-9DB9-43D6C7C01A32}.Debug|x64.ActiveCfg = Debug|x64
		{7891F1BF-E3F8-40C8-9DB9-43D6C7C01A32}.Debug|x64.Build.0 = Debug|x64
		{7891F1BF-E3F8-40C8-9DB9-43D6C7C01A32}.Debug|x86.ActiveCfg = Debug|Win32
		{7891F1BF-E3F8-40C8-9DB9-43D6C7C01A32}.Debug|x86.Build.0 = Debug|Win32
		{7891F1BF-E3F8-40C8-9DB9-43D6C7C01A32}.Release|x64.ActiveCfg = Release|x64
		{7891F1BF-E3F8-40C8-9DB9-43D6C7C01A32}.Release|x64.Build.0 = Release|x64
		{7891F1BF-E3F8-40C8-9DB9-43D6C7C01A32}.Release|x86.ActiveCfg = Release|Win32
		{7891F1BF-E3F8-40C8-9DB9-43D6C7C01A32}.Release|x86.Build.0 = Release|Win32
		{34ABD0BC-1C85-4D8C-BACC-6FA4D08D2790}.Debug|x64.ActiveCfg = Debug|x64
		{34ABD0BC-1C85-4D8C-BACC-6FA4D08D2790}.Debug|x64.Build.0 = Debug|x64
		{34ABD0BC-1C85-4D8C-BACC-6FA4D08D2790}.Debug|x86.ActiveCfg = Debug|Win32
		{34ABD0BC-1C85-4D8C-BACC-6FA4D08D2790}.Debug|x86.Build.0 = Debug|Win32
		{34ABD0BC-1C85-4D8C-BACC-6FA4D08D2790}.Release|x64.ActiveCfg = Release|x64
		{34ABD0BC-1C85-4D8C-BACC-6FA4D08D2790}.Release|x64.Build.0 = Release|x64
		{34ABD0BC-1C85-4D8C-BACC-6FA4D08D2790}.Release|x86.ActiveCfg = Release|Win32
		{34ABD0BC-1C85-4D8C-BACC-6FA4D08D2790}.Release|x86.Build.0 = Release|Win32
		{5C1FCD83-B01F-41DD-B92D-7818016ADD24}.Debug|x64.ActiveCfg = Debug|x64
		{5C1FCD83-B01F-41DD-B92D-7818016ADD24}.Debug|x64.Build.0 = Debug|x64
		{5C1FCD83-B01F-41DD-B92D-7818016ADD24}.Debug|x86.ActiveCfg = Debug|Win32
		{5C1FCD83-B01F-41DD-B92D-7818016ADD24}.Debug|x86.Build.0 = Debug|Win32
		{5C1FCD83-B01F-41DD-B92D-7818016ADD24}.Release|x64.ActiveCfg = Release|x64
		{5C1FCD83-B01F-41DD-B92D-7818016ADD24}.Release|x64.Build.0 = Release|x64
		{5C1FCD83-B01F-41DD-B92D-7818016ADD24}.Release|x86.ActiveCfg = Release|Win32
		{5C1FCD83-B01F-41DD-B92D-7818016ADD24}.Release|x86.Build.0 = Release|Win32
		{86BF716B-0841-4CB6-B347-DDFDD3930945}.Debug|x64.ActiveCfg = Debug|x64
		{86BF716B-0841-4CB6-B347-DDFDD3930945}.Debug|x64.Build.0 = Debug|x64
		{86BF716B-0841-4CB6-B347-DDFDD3930945}.Debug|x86.ActiveCfg = Debug|Win32
		{86BF716B-0841-4CB6-B347-DDFDD3930945}.Debug|x86.Build.0 = Debug|Win32
		{86BF716B-0841-4CB6-B347-DDFDD3930945}.Release|x64.ActiveCfg = Release|x64
		{86BF716B-0841-4CB6-B347-DDFDD3930945}.Release|x64.Build.0 = Release|x64
		{86BF716B-0841-4CB6-B347-DDFDD3930945}.Release|x86.ActiveCfg = Release|Win32
		{86BF716B-0841-4CB6-B347-DDFDD3930945}.Release|x86.Build.0 = Release|Win32
		{332D64CA-7EED-4FDD-B35A-6432E501BC89}.Debug|x64.ActiveCfg = Debug|x64
		{332D64CA-7EED-4FDD-B35A-6432E501BC89}.Debug|x64.Build.0 = Debug|x64
		{332D64CA-7EED-4FDD-B35A-6432E501BC89}.Debug|x86.ActiveCfg = Debug|Win32
		{332D64CA-7EED-4FDD-B35A-6432E501BC89}.Debug|x86.Build.0 = Debug|Win32
		{332D64CA-7EED-4FDD-B35A-6432E501BC89}.Release|x64.ActiveCfg = Release|x64
		{332D64CA-7EED-4FDD-B35A-6432E501BC89}.Release|x64.Build.0 = Release|x64
		{332D64CA-7EED-4FDD-B35A-6432E501BC89}.Release|x86.ActiveCfg = Release|Win32
		{332D64CA-7EED-4FDD-B35A-6432E501BC89}.Release|x86.Build.0 = Release|Win32
		{8053DE1D-B87C-4B00-A463-62DB936A5FC4}.Debug|x64.ActiveCfg = Debug|x64
		{8053DE1D-B87C-4B00-A463-62DB936A5FC4}.Debug|x64.Build.0 = Debug|x64
		{8053DE1D-B87C-4B00-A463-62DB936A5FC4}.Debug|x86.ActiveCfg = Debug|Win32
		{8053DE1D-B87C-4B00-A463-62DB936A5FC4}.Debug|x86.Build.0 = Debug|Win32
		{8053DE1D-B87C-4B00-A463-62DB936A5FC4}.Release|x64.ActiveCfg = Release|x64
		{8053DE1D-B87C-4B00-A463-62DB936A5FC4}.Release|x64.Build.0 = Release|x64
		{8053DE1D-B87C-4B00-A463-62DB936A5FC4}.Release|x86.ActiveCfg = Release|Win32
		{8053DE1D-B87C-4B00-A463-62DB936A5FC4}.Release|x86.Build.0 = Release|Win32
		{1B85E02F-8149-434C-95DA-5675B4E17D2C}.Debug|x64.ActiveCfg = Debug|x64
		{1B85E02F-8149-434C-95DA-5675B4E17D2C}.Debug|x64.Build.0 = Debug|x64
		{1B85E02F-8149-434C-95DA-5675B4E17D2C}.Debug|x86.ActiveCfg = Debug|Win32
		{1B85E02F-8149-434C-95DA-5675B4E17D2C}.Debug|x86.Build.0 = Debug|Win32
		{1B85E02F-8149-434C-95DA-5675B4E17D2C}.Release|x64.ActiveCfg = Release|x64
		{1B85E02F-8149-434C-95DA-5675B4E17D2C}.Release|x64.Build.0 = Release|x64
		{1B85E02F-8149-434C-95DA-5675B4E17D2C}.Release|x86.ActiveCfg = Release|Win32
		{1B85E02F-8149-434C-95DA-5675B4E17D2C}.Release|x86.Build.0 = Release|Win32
		{692A5C8D-8D71-44FF-A96E-4AC0D35C15E8}.Debug|x64.ActiveCfg = Debug|x64
		{692A5C8D-8D71-44FF-A96E-4AC0D35C15E8}.Debug|x64.Build.0 = Debug|x64
		{692A5C8D-8D71-44FF-A96E-4AC0D35C15E8}.Debug|x86.ActiveCfg = Debug|Win32
		{692A5C8D-8D71-44FF-A96E-4AC0D35C15E8}.Debug|x86.Build.0 = Debug|Win32
		{692A5C8D-8D71-44FF-A96E-4AC0D35C15E8}.Release|x64.ActiveCfg = Release|x64
		{692A5C8D-8D71-44FF-A96E-4AC0D35C15E8}.Release|x64.Build.0 = Release|x64
		{692A5C8D-8D71-44FF-A96E-4AC0D35C15E8}.Release|x86.ActiveCfg = Release|Win32
		{692A5C8D-8D71-44FF-A96E-4AC0D35C15E8}.Release|x86.Build.0 = Release|Win32
		{E172F2BB-2CE3-4814-8BC6-F43638B0E9AE}.Debug|x64.ActiveCfg = Debug|x64
		{E172F2BB-2CE3-4814-8BC6-F43638B0E9AE}.Debug|x64.Build.0 = Debug|x64
		{E172F2BB-2CE3-4814-8BC6-F43638B0E9AE}.Debug|x86.ActiveCfg = Debug|Win32
		{E172F2BB-2CE3-4814-8BC6-F43638B0E9AE}.Debug|x86.Build.0 = Debug|Win32
		{E172F2BB-2CE3-4814-8BC6-F43638B0E9AE}.Release|x64.ActiveCfg = Release|x64
		{E172F2BB-2CE3-4814-8BC6-F43638B0E9AE}.Release|x64.Build.0 = Release|x64
		{E172F2BB-2CE3-4814-8BC6-F43638B0E9AE}.Release|x86.ActiveCfg = Release|Win32
		{E172F2BB-2CE3-4814-8BC6-F43638B0E9AE}.Release|x86.Build.0 = Release|Win32
		{20C7C104-B8D7-4638-98D1-739412BA9D9F}.Debug|x64.ActiveCfg = Debug|x64
		{20C7C104-B8D7-4638-98D1-739412BA9D9F}.Debug|x64.Build.0 = Debug|x64
		{20C7C104-B8D7-4638-98D1-739412BA9D9F}.Debug|x86.ActiveCfg = Debug|Win32
		{20C7C104-B8D7-4638-98D1-739412BA9D9F}.Debug|x86.Build.0 = Debug|Win32
		{20C7C104-B8D7-4638-98D1-739412BA9D9F}.Release|x64.ActiveCfg = Release|x64
		{20C7C104-B8D7-4638-98D1-739412BA9D9F}.Release|x64.Build.0 = Release|x64
		{20C7C104-B8D7-4638-98D1-739412BA9D9F}.Release|x86.ActiveCfg = Release|Win32
		{20C7C104-B8D7-4638-98D1-739412BA9D9F}.Release|x86.Build.0 = Release|Win32
		{ABBCF0B2-C42E-4868-B24C-CAE832F101CF}.Debug|x64.ActiveCfg = Debug|x64
		{ABBCF0B2-C42E-4868-B24C-CAE832F101CF}.Debug|x64.Build.0 = Debug|x64
		{ABBCF0B2-C42E-4868-B24C-CAE832F101CF}.Debug|x86.ActiveCfg = Debug|Win32
		{ABBCF0B2-C42E-4868-B24C-CAE832F101CF}.Debug|x86.Build.0 = Debug|Win32
		{ABBCF0B2-C42E-4868-B24C-CAE832F101CF}.Release|x64.ActiveCfg = Release|x64
		{ABBCF0B2-C42E-4868-B24C-CAE832F101CF}.Release|x64.Build.0 = Release|x64
		{ABBCF0B2-C42E-4868-B24C-CAE832F101CF}.Release|x86.ActiveCfg = Release|Win32
		{ABBCF0B2-C42E-4868-B24C-CAE832F101CF}.Release|x86.Build.0 = Release|Win32
		{BEC267DF-075D-42D6-B976-BF28960DF87C}.Debug|x64.ActiveCfg = Debug|x64
		{BEC267DF-075D-42D6-B976-BF28960DF87C}.Debug|x64.Build.0 = Debug|x64
		{BEC267DF-075D-42D6-B976-BF28960DF87C}.Debug|x86.ActiveCfg = Debug|Win32
		{BEC267DF-075D-42D6-B976-BF28960DF87C}.Debug|x86.Build.0 = Debug|Win32
		{BEC267DF-075D-42D6-B976-BF28960DF87C}.Release|x64.ActiveCfg = Release|x64
		{BEC267DF-075D-42D6-B976-BF28960DF87C}.Release|x64.Build.0 = Release|x64
		{BEC267DF-075D-42D6-B976-BF28960DF87C}.Release|x86.ActiveCfg = Release|Win32
		{BEC267DF-075D-42D6-B976-BF28960DF87C}.Release|x86.Build.0 = Release|Win32
	EndGlobalSection
	GlobalSection(SolutionProperties) = preSolution
		HideSolutionNode = FALSE
	EndGlobalSection
	GlobalSection(NestedProjects) = preSolution
		{825D665B-7A99-404E-8F42-217BB9D0FB3C} = {2D404E1C-4D0C-46FD-A5D6-B50F0B47AE74}
		{8E0BE855-D6A2-4F86-8333-BBC0AEA09774} = {2D404E1C-4D0C-46FD-A5D6-B50F0B47AE74}
		{93B0FF10-D93C-4C76-B84D-150B4100E081} = {2D404E1C-4D0C-46FD-A5D6-B50F0B47AE74}
		{C6BEE31B-7641-4EED-B5DD-F722721EA2E9} = {2D404E1C-4D0C-46FD-A5D6-B50F0B47AE74}
		{2641FAFD-E57C-428F-8B2C-B0DE14ED9D2B} = {2D404E1C-4D0C-46FD-A5D6-B50F0B47AE74}
		{87550180-5EC9-4052-B88F-6B99C56906D2} = {F4722E3C-29C1-42CA-8E3A-BAE4591B27E8}
		{40D9D20E-17E5-4C9B-BCF6-4F55EBAB1F9D} = {F4722E3C-29C1-42CA-8E3A-BAE4591B27E8}
		{46B80807-9E86-4A18-9955-466FCDA80E80} = {F4722E3C-29C1-42CA-8E3A-BAE4591B27E8}
		{A657314A-B76B-4CA0-A3EC-8D509E5C298B} = {B1132DBD-797D-431E-ACF1-BB67B6A28DBF}
		{179B7324-469F-4A05-928F-E31BF1D3226A} = {B1132DBD-797D-431E-ACF1-BB67B6A28DBF}
		{AFD2849D-BB76-4C25-AB7B-5493B3C4C174} = {B1132DBD-797D-431E-ACF1-BB67B6A28DBF}
		{7ECBFE7F-EA88-414A-8226-E7D275785ABE} = {B1132DBD-797D-431E-ACF1-BB67B6A28DBF}
		{7891F1BF-E3F8-40C8-9DB9-43D6C7C01A32} = {DD1A98FF-1F28-49FB-BF1F-2D03733164C5}
		{34ABD0BC-1C85-4D8C-BACC-6FA4D08D2790} = {DD1A98FF-1F28-49FB-BF1F-2D03733164C5}
		{5C1FCD83-B01F-41DD-B92D-7818016ADD24} = {DD1A98FF-1F28-49FB-BF1F-2D03733164C5}
		{86BF716B-0841-4CB6-B347-DDFDD3930945} = {DD1A98FF-1F28-49FB-BF1F-2D03733164C5}
		{332D64CA-7EED-4FDD-B35A-6432E501BC89} = {DD1A98FF-1F28-49FB-BF1F-2D03733164C5}
		{8053DE1D-B87C-4B00-A463-62DB936A5FC4} = {DD1A98FF-1F28-49FB-BF1F-2D03733164C5}
		{1B85E02F-8149-434C-95DA-5675B4E17D2C} = {DD1A98FF-1F28-49FB-BF1F-2D03733164C5}
		{692A5C8D-8D71-44FF-A96E-4AC0D35C15E8} = {DD1A98FF-1F28-49FB-BF1F-2D03733164C5}
		{E172F2BB-2CE3-4814-8BC6-F43638B0E9AE} = {DD1A98FF-1F28-49FB-BF1F-2D03733164C5}
		{20C7C104-B8D7-4638-98D1-739412BA9D9F} = {DD1A98FF-1F28-49FB-BF1F-2D03733164C5}
		{ABBCF0B2-C42E-4868-B24C-CAE832F101CF} = {DD1A98FF-1F28-49FB-BF1F-2D03733164C5}
		{BEC267DF-075D-42D6-B976-BF28960DF87C} = {DD1A98FF-1F28-49FB-BF1F-2D03733164C5}
	EndGlobalSection
	GlobalSection(ExtensibilityGlobals) = postSolution
		SolutionGuid = {2958EFD3-A4B0-4B98-B941-E99769E29CCF}
	EndGlobalSection
EndGlobal
